// !$*UTF8*$!
{
	archiveVersion = 1;
	classes = {
	};
	objectVersion = 56;
	objects = {

/* Begin PBXBuildFile section */
		62386C692BF3455500556348 /* !!Platforms in Resources */ = {isa = PBXBuildFile; fileRef = 62386C672BF3455500556348 /* !!Platforms */; };
		62E773E22BED328B008113A9 /* AppDelegate.swift in Sources */ = {isa = PBXBuildFile; fileRef = 62E773E12BED328B008113A9 /* AppDelegate.swift */; };
		62E773E62BED328B008113A9 /* Base in Resources */ = {isa = PBXBuildFile; fileRef = 62E773E52BED328B008113A9 /* Base */; };
		62E773E82BED328B008113A9 /* Icon.png in Resources */ = {isa = PBXBuildFile; fileRef = 62E773E72BED328B008113A9 /* Icon.png */; };
		62E773EA2BED328B008113A9 /* Style.css in Resources */ = {isa = PBXBuildFile; fileRef = 62E773E92BED328B008113A9 /* Style.css */; };
		62E773EC2BED328B008113A9 /* Script.js in Resources */ = {isa = PBXBuildFile; fileRef = 62E773EB2BED328B008113A9 /* Script.js */; };
		62E773EE2BED328B008113A9 /* ViewController.swift in Sources */ = {isa = PBXBuildFile; fileRef = 62E773ED2BED328B008113A9 /* ViewController.swift */; };
		62E773F12BED328C008113A9 /* Base in Resources */ = {isa = PBXBuildFile; fileRef = 62E773F02BED328C008113A9 /* Base */; };
		62E773F32BED328D008113A9 /* Assets.xcassets in Resources */ = {isa = PBXBuildFile; fileRef = 62E773F22BED328D008113A9 /* Assets.xcassets */; };
		62E773FB2BED328E008113A9 /* TestUpdateDynamicRules Extension.appex in Embed Foundation Extensions */ = {isa = PBXBuildFile; fileRef = 62E773FA2BED328E008113A9 /* TestUpdateDynamicRules Extension.appex */; settings = {ATTRIBUTES = (RemoveHeadersOnCopy, ); }; };
		62E774002BED328E008113A9 /* SafariWebExtensionHandler.swift in Sources */ = {isa = PBXBuildFile; fileRef = 62E773FF2BED328E008113A9 /* SafariWebExtensionHandler.swift */; };
		62E774222BED3325008113A9 /* manifest.json in Resources */ = {isa = PBXBuildFile; fileRef = 62E7741D2BED3325008113A9 /* manifest.json */; };
		62E774232BED3325008113A9 /* ui in Resources */ = {isa = PBXBuildFile; fileRef = 62E7741E2BED3325008113A9 /* ui */; };
		62E774242BED3325008113A9 /* rules in Resources */ = {isa = PBXBuildFile; fileRef = 62E7741F2BED3325008113A9 /* rules */; };
		62E774262BED3325008113A9 /* js in Resources */ = {isa = PBXBuildFile; fileRef = 62E774212BED3325008113A9 /* js */; };
/* End PBXBuildFile section */

/* Begin PBXContainerItemProxy section */
		62E773FC2BED328E008113A9 /* PBXContainerItemProxy */ = {
			isa = PBXContainerItemProxy;
			containerPortal = 62E773D62BED328B008113A9 /* Project object */;
			proxyType = 1;
			remoteGlobalIDString = 62E773F92BED328E008113A9;
			remoteInfo = "TestUpdateDynamicRules Extension";
		};
/* End PBXContainerItemProxy section */

/* Begin PBXCopyFilesBuildPhase section */
		62E774192BED328E008113A9 /* Embed Foundation Extensions */ = {
			isa = PBXCopyFilesBuildPhase;
			buildActionMask = 2147483647;
			dstPath = "";
			dstSubfolderSpec = 13;
			files = (
				62E773FB2BED328E008113A9 /* TestUpdateDynamicRules Extension.appex in Embed Foundation Extensions */,
			);
			name = "Embed Foundation Extensions";
			runOnlyForDeploymentPostprocessing = 0;
		};
/* End PBXCopyFilesBuildPhase section */

/* Begin PBXFileReference section */
		62386C672BF3455500556348 /* !!Platforms */ = {isa = PBXFileReference; lastKnownFileType = folder; path = "!!Platforms"; sourceTree = "<group>"; };
		62E773DE2BED328B008113A9 /* TestUpdateDynamicRules.app */ = {isa = PBXFileReference; explicitFileType = wrapper.application; includeInIndex = 0; path = TestUpdateDynamicRules.app; sourceTree = BUILT_PRODUCTS_DIR; };
		62E773E12BED328B008113A9 /* AppDelegate.swift */ = {isa = PBXFileReference; lastKnownFileType = sourcecode.swift; path = AppDelegate.swift; sourceTree = "<group>"; };
		62E773E52BED328B008113A9 /* Base */ = {isa = PBXFileReference; lastKnownFileType = text.html; name = Base; path = ../Base.lproj/Main.html; sourceTree = "<group>"; };
		62E773E72BED328B008113A9 /* Icon.png */ = {isa = PBXFileReference; lastKnownFileType = image.png; path = Icon.png; sourceTree = "<group>"; };
		62E773E92BED328B008113A9 /* Style.css */ = {isa = PBXFileReference; lastKnownFileType = text.css; path = Style.css; sourceTree = "<group>"; };
		62E773EB2BED328B008113A9 /* Script.js */ = {isa = PBXFileReference; lastKnownFileType = sourcecode.javascript; path = Script.js; sourceTree = "<group>"; };
		62E773ED2BED328B008113A9 /* ViewController.swift */ = {isa = PBXFileReference; lastKnownFileType = sourcecode.swift; path = ViewController.swift; sourceTree = "<group>"; };
		62E773F02BED328C008113A9 /* Base */ = {isa = PBXFileReference; lastKnownFileType = file.storyboard; name = Base; path = Base.lproj/Main.storyboard; sourceTree = "<group>"; };
		62E773F22BED328D008113A9 /* Assets.xcassets */ = {isa = PBXFileReference; lastKnownFileType = folder.assetcatalog; path = Assets.xcassets; sourceTree = "<group>"; };
		62E773F42BED328D008113A9 /* TestUpdateDynamicRules.entitlements */ = {isa = PBXFileReference; lastKnownFileType = text.plist.entitlements; path = TestUpdateDynamicRules.entitlements; sourceTree = "<group>"; };
		62E773F52BED328D008113A9 /* TestUpdateDynamicRules.entitlements */ = {isa = PBXFileReference; lastKnownFileType = text.plist.entitlements; path = TestUpdateDynamicRules.entitlements; sourceTree = "<group>"; };
		62E773FA2BED328E008113A9 /* TestUpdateDynamicRules Extension.appex */ = {isa = PBXFileReference; explicitFileType = "wrapper.app-extension"; includeInIndex = 0; path = "TestUpdateDynamicRules Extension.appex"; sourceTree = BUILT_PRODUCTS_DIR; };
		62E773FF2BED328E008113A9 /* SafariWebExtensionHandler.swift */ = {isa = PBXFileReference; lastKnownFileType = sourcecode.swift; path = SafariWebExtensionHandler.swift; sourceTree = "<group>"; };
		62E774122BED328E008113A9 /* Info.plist */ = {isa = PBXFileReference; lastKnownFileType = text.plist.xml; path = Info.plist; sourceTree = "<group>"; };
		62E774132BED328E008113A9 /* TestUpdateDynamicRules_Extension.entitlements */ = {isa = PBXFileReference; lastKnownFileType = text.plist.entitlements; path = TestUpdateDynamicRules_Extension.entitlements; sourceTree = "<group>"; };
		62E7741D2BED3325008113A9 /* manifest.json */ = {isa = PBXFileReference; fileEncoding = 4; lastKnownFileType = text.json; path = manifest.json; sourceTree = "<group>"; };
		62E7741E2BED3325008113A9 /* ui */ = {isa = PBXFileReference; lastKnownFileType = folder; path = ui; sourceTree = "<group>"; };
		62E7741F2BED3325008113A9 /* rules */ = {isa = PBXFileReference; lastKnownFileType = folder; path = rules; sourceTree = "<group>"; };
		62E774212BED3325008113A9 /* js */ = {isa = PBXFileReference; lastKnownFileType = folder; path = js; sourceTree = "<group>"; };
/* End PBXFileReference section */

/* Begin PBXFrameworksBuildPhase section */
		62E773DB2BED328B008113A9 /* Frameworks */ = {
			isa = PBXFrameworksBuildPhase;
			buildActionMask = 2147483647;
			files = (
			);
			runOnlyForDeploymentPostprocessing = 0;
		};
		62E773F72BED328E008113A9 /* Frameworks */ = {
			isa = PBXFrameworksBuildPhase;
			buildActionMask = 2147483647;
			files = (
			);
			runOnlyForDeploymentPostprocessing = 0;
		};
/* End PBXFrameworksBuildPhase section */

/* Begin PBXGroup section */
		62E773D52BED328B008113A9 = {
			isa = PBXGroup;
			children = (
				62E773E02BED328B008113A9 /* TestUpdateDynamicRules */,
				62E773FE2BED328E008113A9 /* TestUpdateDynamicRules Extension */,
				62E773DF2BED328B008113A9 /* Products */,
			);
			sourceTree = "<group>";
		};
		62E773DF2BED328B008113A9 /* Products */ = {
			isa = PBXGroup;
			children = (
				62E773DE2BED328B008113A9 /* TestUpdateDynamicRules.app */,
				62E773FA2BED328E008113A9 /* TestUpdateDynamicRules Extension.appex */,
			);
			name = Products;
			sourceTree = "<group>";
		};
		62E773E02BED328B008113A9 /* TestUpdateDynamicRules */ = {
			isa = PBXGroup;
			children = (
				62E773E12BED328B008113A9 /* AppDelegate.swift */,
				62E773ED2BED328B008113A9 /* ViewController.swift */,
				62E773EF2BED328C008113A9 /* Main.storyboard */,
				62E773F22BED328D008113A9 /* Assets.xcassets */,
				62E773F42BED328D008113A9 /* TestUpdateDynamicRules.entitlements */,
				62E773F52BED328D008113A9 /* TestUpdateDynamicRules.entitlements */,
				62E773E32BED328B008113A9 /* Resources */,
			);
			path = TestUpdateDynamicRules;
			sourceTree = "<group>";
		};
		62E773E32BED328B008113A9 /* Resources */ = {
			isa = PBXGroup;
			children = (
				62E773E42BED328B008113A9 /* Main.html */,
				62E773E72BED328B008113A9 /* Icon.png */,
				62E773E92BED328B008113A9 /* Style.css */,
				62E773EB2BED328B008113A9 /* Script.js */,
			);
			path = Resources;
			sourceTree = "<group>";
		};
		62E773FE2BED328E008113A9 /* TestUpdateDynamicRules Extension */ = {
			isa = PBXGroup;
			children = (
				62E773FF2BED328E008113A9 /* SafariWebExtensionHandler.swift */,
				62E774122BED328E008113A9 /* Info.plist */,
				62E774132BED328E008113A9 /* TestUpdateDynamicRules_Extension.entitlements */,
				62E774012BED328E008113A9 /* Resources */,
			);
			path = "TestUpdateDynamicRules Extension";
			sourceTree = "<group>";
		};
		62E774012BED328E008113A9 /* Resources */ = {
			isa = PBXGroup;
			children = (
				62386C672BF3455500556348 /* !!Platforms */,
				62E774212BED3325008113A9 /* js */,
				62E7741D2BED3325008113A9 /* manifest.json */,
				62E7741F2BED3325008113A9 /* rules */,
				62E7741E2BED3325008113A9 /* ui */,
			);
			path = Resources;
			sourceTree = "<group>";
		};
/* End PBXGroup section */

/* Begin PBXNativeTarget section */
		62E773DD2BED328B008113A9 /* TestUpdateDynamicRules */ = {
			isa = PBXNativeTarget;
			buildConfigurationList = 62E7741A2BED328E008113A9 /* Build configuration list for PBXNativeTarget "TestUpdateDynamicRules" */;
			buildPhases = (
				62E773DA2BED328B008113A9 /* Sources */,
				62E773DB2BED328B008113A9 /* Frameworks */,
				62E773DC2BED328B008113A9 /* Resources */,
				62E774192BED328E008113A9 /* Embed Foundation Extensions */,
			);
			buildRules = (
			);
			dependencies = (
				62E773FD2BED328E008113A9 /* PBXTargetDependency */,
			);
			name = TestUpdateDynamicRules;
			productName = TestUpdateDynamicRules;
			productReference = 62E773DE2BED328B008113A9 /* TestUpdateDynamicRules.app */;
			productType = "com.apple.product-type.application";
		};
		62E773F92BED328E008113A9 /* TestUpdateDynamicRules Extension */ = {
			isa = PBXNativeTarget;
			buildConfigurationList = 62E774162BED328E008113A9 /* Build configuration list for PBXNativeTarget "TestUpdateDynamicRules Extension" */;
			buildPhases = (
				62E773F62BED328E008113A9 /* Sources */,
				62E773F72BED328E008113A9 /* Frameworks */,
				62E773F82BED328E008113A9 /* Resources */,
			);
			buildRules = (
			);
			dependencies = (
			);
			name = "TestUpdateDynamicRules Extension";
			productName = "TestUpdateDynamicRules Extension";
			productReference = 62E773FA2BED328E008113A9 /* TestUpdateDynamicRules Extension.appex */;
			productType = "com.apple.product-type.app-extension";
		};
/* End PBXNativeTarget section */

/* Begin PBXProject section */
		62E773D62BED328B008113A9 /* Project object */ = {
			isa = PBXProject;
			attributes = {
				BuildIndependentTargetsInParallel = 1;
				LastSwiftUpdateCheck = 1530;
				LastUpgradeCheck = 1530;
				TargetAttributes = {
					62E773DD2BED328B008113A9 = {
						CreatedOnToolsVersion = 15.3;
					};
					62E773F92BED328E008113A9 = {
						CreatedOnToolsVersion = 15.3;
					};
				};
			};
			buildConfigurationList = 62E773D92BED328B008113A9 /* Build configuration list for PBXProject "TestUpdateDynamicRules" */;
			compatibilityVersion = "Xcode 14.0";
			developmentRegion = en;
			hasScannedForEncodings = 0;
			knownRegions = (
				en,
				Base,
			);
			mainGroup = 62E773D52BED328B008113A9;
			productRefGroup = 62E773DF2BED328B008113A9 /* Products */;
			projectDirPath = "";
			projectRoot = "";
			targets = (
				62E773DD2BED328B008113A9 /* TestUpdateDynamicRules */,
				62E773F92BED328E008113A9 /* TestUpdateDynamicRules Extension */,
			);
		};
/* End PBXProject section */

/* Begin PBXResourcesBuildPhase section */
		62E773DC2BED328B008113A9 /* Resources */ = {
			isa = PBXResourcesBuildPhase;
			buildActionMask = 2147483647;
			files = (
				62E773E82BED328B008113A9 /* Icon.png in Resources */,
				62E773EC2BED328B008113A9 /* Script.js in Resources */,
				62E773E62BED328B008113A9 /* Base in Resources */,
				62E773EA2BED328B008113A9 /* Style.css in Resources */,
				62E773F32BED328D008113A9 /* Assets.xcassets in Resources */,
				62E773F12BED328C008113A9 /* Base in Resources */,
			);
			runOnlyForDeploymentPostprocessing = 0;
		};
		62E773F82BED328E008113A9 /* Resources */ = {
			isa = PBXResourcesBuildPhase;
			buildActionMask = 2147483647;
			files = (
				62E774262BED3325008113A9 /* js in Resources */,
				62E774242BED3325008113A9 /* rules in Resources */,
				62E774232BED3325008113A9 /* ui in Resources */,
				62386C692BF3455500556348 /* !!Platforms in Resources */,
				62E774222BED3325008113A9 /* manifest.json in Resources */,
			);
			runOnlyForDeploymentPostprocessing = 0;
		};
/* End PBXResourcesBuildPhase section */

/* Begin PBXSourcesBuildPhase section */
		62E773DA2BED328B008113A9 /* Sources */ = {
			isa = PBXSourcesBuildPhase;
			buildActionMask = 2147483647;
			files = (
				62E773EE2BED328B008113A9 /* ViewController.swift in Sources */,
				62E773E22BED328B008113A9 /* AppDelegate.swift in Sources */,
			);
			runOnlyForDeploymentPostprocessing = 0;
		};
		62E773F62BED328E008113A9 /* Sources */ = {
			isa = PBXSourcesBuildPhase;
			buildActionMask = 2147483647;
			files = (
				62E774002BED328E008113A9 /* SafariWebExtensionHandler.swift in Sources */,
			);
			runOnlyForDeploymentPostprocessing = 0;
		};
/* End PBXSourcesBuildPhase section */

/* Begin PBXTargetDependency section */
		62E773FD2BED328E008113A9 /* PBXTargetDependency */ = {
			isa = PBXTargetDependency;
			target = 62E773F92BED328E008113A9 /* TestUpdateDynamicRules Extension */;
			targetProxy = 62E773FC2BED328E008113A9 /* PBXContainerItemProxy */;
		};
/* End PBXTargetDependency section */

/* Begin PBXVariantGroup section */
		62E773E42BED328B008113A9 /* Main.html */ = {
			isa = PBXVariantGroup;
			children = (
				62E773E52BED328B008113A9 /* Base */,
			);
			name = Main.html;
			sourceTree = "<group>";
		};
		62E773EF2BED328C008113A9 /* Main.storyboard */ = {
			isa = PBXVariantGroup;
			children = (
				62E773F02BED328C008113A9 /* Base */,
			);
			name = Main.storyboard;
			sourceTree = "<group>";
		};
/* End PBXVariantGroup section */

/* Begin XCBuildConfiguration section */
		62E774142BED328E008113A9 /* Debug */ = {
			isa = XCBuildConfiguration;
			buildSettings = {
				ALWAYS_SEARCH_USER_PATHS = NO;
				ASSETCATALOG_COMPILER_GENERATE_SWIFT_ASSET_SYMBOL_EXTENSIONS = YES;
				CLANG_ANALYZER_NONNULL = YES;
				CLANG_ANALYZER_NUMBER_OBJECT_CONVERSION = YES_AGGRESSIVE;
				CLANG_CXX_LANGUAGE_STANDARD = "gnu++20";
				CLANG_ENABLE_MODULES = YES;
				CLANG_ENABLE_OBJC_ARC = YES;
				CLANG_ENABLE_OBJC_WEAK = YES;
				CLANG_WARN_BLOCK_CAPTURE_AUTORELEASING = YES;
				CLANG_WARN_BOOL_CONVERSION = YES;
				CLANG_WARN_COMMA = YES;
				CLANG_WARN_CONSTANT_CONVERSION = YES;
				CLANG_WARN_DEPRECATED_OBJC_IMPLEMENTATIONS = YES;
				CLANG_WARN_DIRECT_OBJC_ISA_USAGE = YES_ERROR;
				CLANG_WARN_DOCUMENTATION_COMMENTS = YES;
				CLANG_WARN_EMPTY_BODY = YES;
				CLANG_WARN_ENUM_CONVERSION = YES;
				CLANG_WARN_INFINITE_RECURSION = YES;
				CLANG_WARN_INT_CONVERSION = YES;
				CLANG_WARN_NON_LITERAL_NULL_CONVERSION = YES;
				CLANG_WARN_OBJC_IMPLICIT_RETAIN_SELF = YES;
				CLANG_WARN_OBJC_LITERAL_CONVERSION = YES;
				CLANG_WARN_OBJC_ROOT_CLASS = YES_ERROR;
				CLANG_WARN_QUOTED_INCLUDE_IN_FRAMEWORK_HEADER = YES;
				CLANG_WARN_RANGE_LOOP_ANALYSIS = YES;
				CLANG_WARN_STRICT_PROTOTYPES = YES;
				CLANG_WARN_SUSPICIOUS_MOVE = YES;
				CLANG_WARN_UNGUARDED_AVAILABILITY = YES_AGGRESSIVE;
				CLANG_WARN_UNREACHABLE_CODE = YES;
				CLANG_WARN__DUPLICATE_METHOD_MATCH = YES;
				COPY_PHASE_STRIP = NO;
				DEBUG_INFORMATION_FORMAT = dwarf;
				ENABLE_STRICT_OBJC_MSGSEND = YES;
				ENABLE_TESTABILITY = YES;
				ENABLE_USER_SCRIPT_SANDBOXING = YES;
				GCC_C_LANGUAGE_STANDARD = gnu17;
				GCC_DYNAMIC_NO_PIC = NO;
				GCC_NO_COMMON_BLOCKS = YES;
				GCC_OPTIMIZATION_LEVEL = 0;
				GCC_PREPROCESSOR_DEFINITIONS = (
					"DEBUG=1",
					"$(inherited)",
				);
				GCC_WARN_64_TO_32_BIT_CONVERSION = YES;
				GCC_WARN_ABOUT_RETURN_TYPE = YES_ERROR;
				GCC_WARN_UNDECLARED_SELECTOR = YES;
				GCC_WARN_UNINITIALIZED_AUTOS = YES_AGGRESSIVE;
				GCC_WARN_UNUSED_FUNCTION = YES;
				GCC_WARN_UNUSED_VARIABLE = YES;
				LOCALIZATION_PREFERS_STRING_CATALOGS = YES;
				MACOSX_DEPLOYMENT_TARGET = 14.4;
				MTL_ENABLE_DEBUG_INFO = INCLUDE_SOURCE;
				MTL_FAST_MATH = YES;
				ONLY_ACTIVE_ARCH = YES;
				SDKROOT = macosx;
				SWIFT_ACTIVE_COMPILATION_CONDITIONS = "DEBUG $(inherited)";
				SWIFT_OPTIMIZATION_LEVEL = "-Onone";
			};
			name = Debug;
		};
		62E774152BED328E008113A9 /* Release */ = {
			isa = XCBuildConfiguration;
			buildSettings = {
				ALWAYS_SEARCH_USER_PATHS = NO;
				ASSETCATALOG_COMPILER_GENERATE_SWIFT_ASSET_SYMBOL_EXTENSIONS = YES;
				CLANG_ANALYZER_NONNULL = YES;
				CLANG_ANALYZER_NUMBER_OBJECT_CONVERSION = YES_AGGRESSIVE;
				CLANG_CXX_LANGUAGE_STANDARD = "gnu++20";
				CLANG_ENABLE_MODULES = YES;
				CLANG_ENABLE_OBJC_ARC = YES;
				CLANG_ENABLE_OBJC_WEAK = YES;
				CLANG_WARN_BLOCK_CAPTURE_AUTORELEASING = YES;
				CLANG_WARN_BOOL_CONVERSION = YES;
				CLANG_WARN_COMMA = YES;
				CLANG_WARN_CONSTANT_CONVERSION = YES;
				CLANG_WARN_DEPRECATED_OBJC_IMPLEMENTATIONS = YES;
				CLANG_WARN_DIRECT_OBJC_ISA_USAGE = YES_ERROR;
				CLANG_WARN_DOCUMENTATION_COMMENTS = YES;
				CLANG_WARN_EMPTY_BODY = YES;
				CLANG_WARN_ENUM_CONVERSION = YES;
				CLANG_WARN_INFINITE_RECURSION = YES;
				CLANG_WARN_INT_CONVERSION = YES;
				CLANG_WARN_NON_LITERAL_NULL_CONVERSION = YES;
				CLANG_WARN_OBJC_IMPLICIT_RETAIN_SELF = YES;
				CLANG_WARN_OBJC_LITERAL_CONVERSION = YES;
				CLANG_WARN_OBJC_ROOT_CLASS = YES_ERROR;
				CLANG_WARN_QUOTED_INCLUDE_IN_FRAMEWORK_HEADER = YES;
				CLANG_WARN_RANGE_LOOP_ANALYSIS = YES;
				CLANG_WARN_STRICT_PROTOTYPES = YES;
				CLANG_WARN_SUSPICIOUS_MOVE = YES;
				CLANG_WARN_UNGUARDED_AVAILABILITY = YES_AGGRESSIVE;
				CLANG_WARN_UNREACHABLE_CODE = YES;
				CLANG_WARN__DUPLICATE_METHOD_MATCH = YES;
				COPY_PHASE_STRIP = NO;
				DEBUG_INFORMATION_FORMAT = "dwarf-with-dsym";
				ENABLE_NS_ASSERTIONS = NO;
				ENABLE_STRICT_OBJC_MSGSEND = YES;
				ENABLE_USER_SCRIPT_SANDBOXING = YES;
				GCC_C_LANGUAGE_STANDARD = gnu17;
				GCC_NO_COMMON_BLOCKS = YES;
				GCC_WARN_64_TO_32_BIT_CONVERSION = YES;
				GCC_WARN_ABOUT_RETURN_TYPE = YES_ERROR;
				GCC_WARN_UNDECLARED_SELECTOR = YES;
				GCC_WARN_UNINITIALIZED_AUTOS = YES_AGGRESSIVE;
				GCC_WARN_UNUSED_FUNCTION = YES;
				GCC_WARN_UNUSED_VARIABLE = YES;
				LOCALIZATION_PREFERS_STRING_CATALOGS = YES;
				MACOSX_DEPLOYMENT_TARGET = 14.4;
				MTL_ENABLE_DEBUG_INFO = NO;
				MTL_FAST_MATH = YES;
				SDKROOT = macosx;
				SWIFT_COMPILATION_MODE = wholemodule;
			};
			name = Release;
		};
		62E774172BED328E008113A9 /* Debug */ = {
			isa = XCBuildConfiguration;
			buildSettings = {
				CODE_SIGN_ENTITLEMENTS = "TestUpdateDynamicRules Extension/TestUpdateDynamicRules_Extension.entitlements";
				CODE_SIGN_STYLE = Automatic;
				CURRENT_PROJECT_VERSION = 1;
				DEVELOPMENT_TEAM = 87JMZDSBB3;
				ENABLE_HARDENED_RUNTIME = YES;
				GENERATE_INFOPLIST_FILE = YES;
				INFOPLIST_FILE = "TestUpdateDynamicRules Extension/Info.plist";
				INFOPLIST_KEY_CFBundleDisplayName = "TestUpdateDynamicRules Extension";
				INFOPLIST_KEY_NSHumanReadableCopyright = "";
				LD_RUNPATH_SEARCH_PATHS = (
					"$(inherited)",
					"@executable_path/../Frameworks",
					"@executable_path/../../../../Frameworks",
				);
				MACOSX_DEPLOYMENT_TARGET = 14.4;
				MARKETING_VERSION = 1.0;
				OTHER_LDFLAGS = (
					"-framework",
					SafariServices,
				);
				PRODUCT_BUNDLE_IDENTIFIER = org.robertofusco.TestUpdateDynamicRules.Extension;
				PRODUCT_NAME = "$(TARGET_NAME)";
				SKIP_INSTALL = YES;
				SWIFT_EMIT_LOC_STRINGS = YES;
				SWIFT_VERSION = 5.0;
			};
			name = Debug;
		};
		62E774182BED328E008113A9 /* Release */ = {
			isa = XCBuildConfiguration;
			buildSettings = {
				CODE_SIGN_ENTITLEMENTS = "TestUpdateDynamicRules Extension/TestUpdateDynamicRules_Extension.entitlements";
				CODE_SIGN_STYLE = Automatic;
				CURRENT_PROJECT_VERSION = 1;
				DEVELOPMENT_TEAM = 87JMZDSBB3;
				ENABLE_HARDENED_RUNTIME = YES;
				GENERATE_INFOPLIST_FILE = YES;
				INFOPLIST_FILE = "TestUpdateDynamicRules Extension/Info.plist";
				INFOPLIST_KEY_CFBundleDisplayName = "TestUpdateDynamicRules Extension";
				INFOPLIST_KEY_NSHumanReadableCopyright = "";
				LD_RUNPATH_SEARCH_PATHS = (
					"$(inherited)",
					"@executable_path/../Frameworks",
					"@executable_path/../../../../Frameworks",
				);
				MACOSX_DEPLOYMENT_TARGET = 14.4;
				MARKETING_VERSION = 1.0;
				OTHER_LDFLAGS = (
					"-framework",
					SafariServices,
				);
				PRODUCT_BUNDLE_IDENTIFIER = org.robertofusco.TestUpdateDynamicRules.Extension;
				PRODUCT_NAME = "$(TARGET_NAME)";
				SKIP_INSTALL = YES;
				SWIFT_EMIT_LOC_STRINGS = YES;
				SWIFT_VERSION = 5.0;
			};
			name = Release;
		};
		62E7741B2BED328E008113A9 /* Debug */ = {
			isa = XCBuildConfiguration;
			buildSettings = {
				ALWAYS_EMBED_SWIFT_STANDARD_LIBRARIES = YES;
				ASSETCATALOG_COMPILER_APPICON_NAME = AppIcon;
				ASSETCATALOG_COMPILER_GLOBAL_ACCENT_COLOR_NAME = AccentColor;
				CODE_SIGN_ENTITLEMENTS = TestUpdateDynamicRules/TestUpdateDynamicRules.entitlements;
				CODE_SIGN_STYLE = Automatic;
				COMBINE_HIDPI_IMAGES = YES;
				CURRENT_PROJECT_VERSION = 1;
				DEVELOPMENT_TEAM = 87JMZDSBB3;
				ENABLE_HARDENED_RUNTIME = YES;
				GENERATE_INFOPLIST_FILE = YES;
				INFOPLIST_KEY_CFBundleDisplayName = TestUpdateDynamicRules;
				INFOPLIST_KEY_NSHumanReadableCopyright = "";
				INFOPLIST_KEY_NSMainStoryboardFile = Main;
				INFOPLIST_KEY_NSPrincipalClass = NSApplication;
				LD_RUNPATH_SEARCH_PATHS = (
					"$(inherited)",
					"@executable_path/../Frameworks",
				);
				MACOSX_DEPLOYMENT_TARGET = 14.4;
				MARKETING_VERSION = 1.0;
				OTHER_LDFLAGS = (
					"-framework",
					SafariServices,
					"-framework",
					WebKit,
				);
				PRODUCT_BUNDLE_IDENTIFIER = org.robertofusco.TestUpdateDynamicRules;
				PRODUCT_NAME = "$(TARGET_NAME)";
				SWIFT_EMIT_LOC_STRINGS = YES;
				SWIFT_VERSION = 5.0;
			};
			name = Debug;
		};
		62E7741C2BED328E008113A9 /* Release */ = {
			isa = XCBuildConfiguration;
			buildSettings = {
				ALWAYS_EMBED_SWIFT_STANDARD_LIBRARIES = YES;
				ASSETCATALOG_COMPILER_APPICON_NAME = AppIcon;
				ASSETCATALOG_COMPILER_GLOBAL_ACCENT_COLOR_NAME = AccentColor;
				CODE_SIGN_ENTITLEMENTS = TestUpdateDynamicRules/TestUpdateDynamicRules.entitlements;
				CODE_SIGN_STYLE = Automatic;
				COMBINE_HIDPI_IMAGES = YES;
				CURRENT_PROJECT_VERSION = 1;
				DEVELOPMENT_TEAM = 87JMZDSBB3;
				ENABLE_HARDENED_RUNTIME = YES;
				GENERATE_INFOPLIST_FILE = YES;
				INFOPLIST_KEY_CFBundleDisplayName = TestUpdateDynamicRules;
				INFOPLIST_KEY_NSHumanReadableCopyright = "";
				INFOPLIST_KEY_NSMainStoryboardFile = Main;
				INFOPLIST_KEY_NSPrincipalClass = NSApplication;
				LD_RUNPATH_SEARCH_PATHS = (
					"$(inherited)",
					"@executable_path/../Frameworks",
				);
				MACOSX_DEPLOYMENT_TARGET = 14.4;
				MARKETING_VERSION = 1.0;
				OTHER_LDFLAGS = (
					"-framework",
					SafariServices,
					"-framework",
					WebKit,
				);
				PRODUCT_BUNDLE_IDENTIFIER = org.robertofusco.TestUpdateDynamicRules;
				PRODUCT_NAME = "$(TARGET_NAME)";
				SWIFT_EMIT_LOC_STRINGS = YES;
				SWIFT_VERSION = 5.0;
			};
			name = Release;
		};
/* End XCBuildConfiguration section */

/* Begin XCConfigurationList section */
		62E773D92BED328B008113A9 /* Build configuration list for PBXProject "TestUpdateDynamicRules" */ = {
			isa = XCConfigurationList;
			buildConfigurations = (
				62E774142BED328E008113A9 /* Debug */,
				62E774152BED328E008113A9 /* Release */,
			);
			defaultConfigurationIsVisible = 0;
			defaultConfigurationName = Release;
		};
		62E774162BED328E008113A9 /* Build configuration list for PBXNativeTarget "TestUpdateDynamicRules Extension" */ = {
			isa = XCConfigurationList;
			buildConfigurations = (
				62E774172BED328E008113A9 /* Debug */,
				62E774182BED328E008113A9 /* Release */,
			);
			defaultConfigurationIsVisible = 0;
			defaultConfigurationName = Release;
		};
		62E7741A2BED328E008113A9 /* Build configuration list for PBXNativeTarget "TestUpdateDynamicRules" */ = {
			isa = XCConfigurationList;
			buildConfigurations = (
				62E7741B2BED328E008113A9 /* Debug */,
				62E7741C2BED328E008113A9 /* Release */,
			);
			defaultConfigurationIsVisible = 0;
			defaultConfigurationName = Release;
		};
/* End XCConfigurationList section */
	};
	rootObject = 62E773D62BED328B008113A9 /* Project object */;
}
